
Microsoft Visual Studio Solution File, Format Version 12.00
# Visual Studio Version 16
VisualStudioVersion = 16.0.30611.23
MinimumVisualStudioVersion = 10.0.40219.1
Project("{9A19103F-16F7-4668-BE54-9A1E7A4F7556}") = "DoePaAdminApp", "DoePaAdminApp\DoePaAdminApp.csproj", "{5ABE3521-2E6A-485F-AA1D-A88206099D44}"
EndProject
Project("{9A19103F-16F7-4668-BE54-9A1E7A4F7556}") = "DoePaAdminDataModel", "DoePaAdminDataModel\DoePaAdminDataModel.csproj", "{D73FC95A-338C-4292-82AF-CA7E4BDEFFC0}"
EndProject
Project("{FAE04EC0-301F-11D3-BF4B-00C04F79EFBC}") = "DoePaAdminDataAdapter", "DoePaAdminDataAdapter\DoePaAdminDataAdapter.csproj", "{BA182B91-AD61-47CD-928A-C3C2D1FB08C4}"
EndProject
Global
	GlobalSection(SolutionConfigurationPlatforms) = preSolution
		Debug|Any CPU = Debug|Any CPU
		Release|Any CPU = Release|Any CPU
	EndGlobalSection
	GlobalSection(ProjectConfigurationPlatforms) = postSolution
		{5ABE3521-2E6A-485F-AA1D-A88206099D44}.Debug|Any CPU.ActiveCfg = Debug|Any CPU
		{5ABE3521-2E6A-485F-AA1D-A88206099D44}.Debug|Any CPU.Build.0 = Debug|Any CPU
		{5ABE3521-2E6A-485F-AA1D-A88206099D44}.Release|Any CPU.ActiveCfg = Release|Any CPU
		{5ABE3521-2E6A-485F-AA1D-A88206099D44}.Release|Any CPU.Build.0 = Release|Any CPU
		{D73FC95A-338C-4292-82AF-CA7E4BDEFFC0}.Debug|Any CPU.ActiveCfg = Debug|Any CPU
		{D73FC95A-338C-4292-82AF-CA7E4BDEFFC0}.Debug|Any CPU.Build.0 = Debug|Any CPU
		{D73FC95A-338C-4292-82AF-CA7E4BDEFFC0}.Release|Any CPU.ActiveCfg = Release|Any CPU
		{D73FC95A-338C-4292-82AF-CA7E4BDEFFC0}.Release|Any CPU.Build.0 = Release|Any CPU
		{BA182B91-AD61-47CD-928A-C3C2D1FB08C4}.Debug|Any CPU.ActiveCfg = Debug|Any CPU
		{BA182B91-AD61-47CD-928A-C3C2D1FB08C4}.Debug|Any CPU.Build.0 = Debug|Any CPU
		{BA182B91-AD61-47CD-928A-C3C2D1FB08C4}.Release|Any CPU.ActiveCfg = Release|Any CPU
		{BA182B91-AD61-47CD-928A-C3C2D1FB08C4}.Release|Any CPU.Build.0 = Release|Any CPU
	EndGlobalSection
	GlobalSection(SolutionProperties) = preSolution
		HideSolutionNode = FALSE
	EndGlobalSection
	GlobalSection(ExtensibilityGlobals) = postSolution
		SolutionGuid = {4D518CCF-265D-45E9-B3BA-3527087B7A31}
	EndGlobalSection
EndGlobal
